
Microsoft Visual Studio Solution File, Format Version 12.00
# Visual Studio Version 17
VisualStudioVersion = 17.8.34511.84
MinimumVisualStudioVersion = 10.0.40219.1
Project("{2150E333-8FDC-42A3-9474-1A3956D46DE8}") = "Applications", "Applications", "{C13253A1-EAF5-46C4-A868-FF0101B7EA73}"
EndProject
Project("{2150E333-8FDC-42A3-9474-1A3956D46DE8}") = "Libraries", "Libraries", "{7F0C06C7-5A13-4EB5-80CF-3DC1E27A71BD}"
EndProject
Project("{9A19103F-16F7-4668-BE54-9A1E7A4F7556}") = "SV21T1020581.Web", "SV21T1020581.Web\SV21T1020581.Web.csproj", "{5E279ED8-9AFA-4BB7-8775-597F7C7B2AFA}"
EndProject
Project("{9A19103F-16F7-4668-BE54-9A1E7A4F7556}") = "SV21T1020581.DomainModels", "SV21T1020581.DomainModels\SV21T1020581.DomainModels.csproj", "{4930E23A-F608-482D-8508-0D45A51E7D6B}"
EndProject
Project("{9A19103F-16F7-4668-BE54-9A1E7A4F7556}") = "SV21T1020581.DataLayers", "SV21T1020581.DataLayers\SV21T1020581.DataLayers.csproj", "{CD38437B-90B8-4533-AD76-D3897598F831}"
EndProject
Project("{9A19103F-16F7-4668-BE54-9A1E7A4F7556}") = "SV21T1020581.BusinessLayers", "SV21T1020581.BusinessLayers\SV21T1020581.BusinessLayers.csproj", "{7DD192B5-CCA1-439B-9AAC-B519FA720811}"
EndProject
Project("{FAE04EC0-301F-11D3-BF4B-00C04F79EFBC}") = "SV21T1020581.Shop", "SV21T1020581.Shop\SV21T1020581.Shop.csproj", "{7604D57F-42B7-4939-B099-691EDA8B4A23}"
EndProject
Global
	GlobalSection(SolutionConfigurationPlatforms) = preSolution
		Debug|Any CPU = Debug|Any CPU
		Release|Any CPU = Release|Any CPU
	EndGlobalSection
	GlobalSection(ProjectConfigurationPlatforms) = postSolution
		{5E279ED8-9AFA-4BB7-8775-597F7C7B2AFA}.Debug|Any CPU.ActiveCfg = Debug|Any CPU
		{5E279ED8-9AFA-4BB7-8775-597F7C7B2AFA}.Debug|Any CPU.Build.0 = Debug|Any CPU
		{5E279ED8-9AFA-4BB7-8775-597F7C7B2AFA}.Release|Any CPU.ActiveCfg = Release|Any CPU
		{5E279ED8-9AFA-4BB7-8775-597F7C7B2AFA}.Release|Any CPU.Build.0 = Release|Any CPU
		{4930E23A-F608-482D-8508-0D45A51E7D6B}.Debug|Any CPU.ActiveCfg = Debug|Any CPU
		{4930E23A-F608-482D-8508-0D45A51E7D6B}.Debug|Any CPU.Build.0 = Debug|Any CPU
		{4930E23A-F608-482D-8508-0D45A51E7D6B}.Release|Any CPU.ActiveCfg = Release|Any CPU
		{4930E23A-F608-482D-8508-0D45A51E7D6B}.Release|Any CPU.Build.0 = Release|Any CPU
		{CD38437B-90B8-4533-AD76-D3897598F831}.Debug|Any CPU.ActiveCfg = Debug|Any CPU
		{CD38437B-90B8-4533-AD76-D3897598F831}.Debug|Any CPU.Build.0 = Debug|Any CPU
		{CD38437B-90B8-4533-AD76-D3897598F831}.Release|Any CPU.ActiveCfg = Release|Any CPU
		{CD38437B-90B8-4533-AD76-D3897598F831}.Release|Any CPU.Build.0 = Release|Any CPU
		{7DD192B5-CCA1-439B-9AAC-B519FA720811}.Debug|Any CPU.ActiveCfg = Debug|Any CPU
		{7DD192B5-CCA1-439B-9AAC-B519FA720811}.Debug|Any CPU.Build.0 = Debug|Any CPU
		{7DD192B5-CCA1-439B-9AAC-B519FA720811}.Release|Any CPU.ActiveCfg = Release|Any CPU
		{7DD192B5-CCA1-439B-9AAC-B519FA720811}.Release|Any CPU.Build.0 = Release|Any CPU
		{7604D57F-42B7-4939-B099-691EDA8B4A23}.Debug|Any CPU.ActiveCfg = Debug|Any CPU
		{7604D57F-42B7-4939-B099-691EDA8B4A23}.Debug|Any CPU.Build.0 = Debug|Any CPU
		{7604D57F-42B7-4939-B099-691EDA8B4A23}.Release|Any CPU.ActiveCfg = Release|Any CPU
		{7604D57F-42B7-4939-B099-691EDA8B4A23}.Release|Any CPU.Build.0 = Release|Any CPU
	EndGlobalSection
	GlobalSection(SolutionProperties) = preSolution
		HideSolutionNode = FALSE
	EndGlobalSection
	GlobalSection(NestedProjects) = preSolution
		{5E279ED8-9AFA-4BB7-8775-597F7C7B2AFA} = {C13253A1-EAF5-46C4-A868-FF0101B7EA73}
		{4930E23A-F608-482D-8508-0D45A51E7D6B} = {7F0C06C7-5A13-4EB5-80CF-3DC1E27A71BD}
		{CD38437B-90B8-4533-AD76-D3897598F831} = {7F0C06C7-5A13-4EB5-80CF-3DC1E27A71BD}
		{7DD192B5-CCA1-439B-9AAC-B519FA720811} = {7F0C06C7-5A13-4EB5-80CF-3DC1E27A71BD}
		{7604D57F-42B7-4939-B099-691EDA8B4A23} = {C13253A1-EAF5-46C4-A868-FF0101B7EA73}
	EndGlobalSection
	GlobalSection(ExtensibilityGlobals) = postSolution
		SolutionGuid = {7B8E82E2-5B16-40A4-837A-14211262F4C2}
	EndGlobalSection
EndGlobal
